github.com/aeoess/agent-passport-go v0.5.0 h1:3/XQmgSJ4Wen5o4YPQIh4IAkmBsc2bVFQX/l+bqvSgQ=
github.com/aeoess/agent-passport-go v0.5.0/go.mod h1:63bEAkteuAAphaIBUssrfkL7s/O4FvR8HpNdGWayo9I=
golang.org/x/text v0.21.0 h1:zyQAAkrwaneQ066sspRyJaG9VNi/YJ1NfzcGB3hZ/qo=
golang.org/x/text v0.21.0/go.mod h1:4IBbMaMmOPCJ8SecivzSH54+73PCFmPWxNTLm+vZkEQ=
